
Microsoft Visual Studio Solution File, Format Version 12.00
# Visual Studio Version 16
VisualStudioVersion = 16.0.31702.278
MinimumVisualStudioVersion = 10.0.40219.1
Project("{FAE04EC0-301F-11D3-BF4B-00C04F79EFBC}") = "For_Dongusu_Pıramıt", "For_Dongusu_Pıramıt\For_Dongusu_Pıramıt.csproj", "{7149A34C-D107-4889-900E-9570A23D94A1}"
EndProject
Global
	GlobalSection(SolutionConfigurationPlatforms) = preSolution
		Debug|Any CPU = Debug|Any CPU
		Release|Any CPU = Release|Any CPU
	EndGlobalSection
	GlobalSection(ProjectConfigurationPlatforms) = postSolution
		{7149A34C-D107-4889-900E-9570A23D94A1}.Debug|Any CPU.ActiveCfg = Debug|Any CPU
		{7149A34C-D107-4889-900E-9570A23D94A1}.Debug|Any CPU.Build.0 = Debug|Any CPU
		{7149A34C-D107-4889-900E-9570A23D94A1}.Release|Any CPU.ActiveCfg = Release|Any CPU
		{7149A34C-D107-4889-900E-9570A23D94A1}.Release|Any CPU.Build.0 = Release|Any CPU
	EndGlobalSection
	GlobalSection(SolutionProperties) = preSolution
		HideSolutionNode = FALSE
	EndGlobalSection
	GlobalSection(ExtensibilityGlobals) = postSolution
		SolutionGuid = {96E3856D-405D-4CBC-A5F4-C5620D6D7B4B}
	EndGlobalSection
EndGlobal
